
Microsoft Visual Studio Solution File, Format Version 12.00
# Visual Studio Version 16
VisualStudioVersion = 16.0.31515.178
MinimumVisualStudioVersion = 10.0.40219.1
Project("{FAE04EC0-301F-11D3-BF4B-00C04F79EFBC}") = "ProjectTemplate", "ProjectTemplate\ProjectTemplate.csproj", "{2F9A03F5-29A2-494C-8363-041F4F3D8A1F}"
EndProject
Project("{FAE04EC0-301F-11D3-BF4B-00C04F79EFBC}") = "ASP.Net Core SPA with Vue Js", "ASP.Net Core SPA with Vue Js\ASP.Net Core SPA with Vue Js.csproj", "{C814C2DE-14B2-4C78-B3B7-75AAABBECFD9}"
EndProject
Global
	GlobalSection(SolutionConfigurationPlatforms) = preSolution
		Debug|Any CPU = Debug|Any CPU
		Release|Any CPU = Release|Any CPU
	EndGlobalSection
	GlobalSection(ProjectConfigurationPlatforms) = postSolution
		{2F9A03F5-29A2-494C-8363-041F4F3D8A1F}.Debug|Any CPU.ActiveCfg = Debug|Any CPU
		{2F9A03F5-29A2-494C-8363-041F4F3D8A1F}.Debug|Any CPU.Build.0 = Debug|Any CPU
		{2F9A03F5-29A2-494C-8363-041F4F3D8A1F}.Release|Any CPU.ActiveCfg = Release|Any CPU
		{2F9A03F5-29A2-494C-8363-041F4F3D8A1F}.Release|Any CPU.Build.0 = Release|Any CPU
		{C814C2DE-14B2-4C78-B3B7-75AAABBECFD9}.Debug|Any CPU.ActiveCfg = Debug|Any CPU
		{C814C2DE-14B2-4C78-B3B7-75AAABBECFD9}.Debug|Any CPU.Build.0 = Debug|Any CPU
		{C814C2DE-14B2-4C78-B3B7-75AAABBECFD9}.Release|Any CPU.ActiveCfg = Release|Any CPU
		{C814C2DE-14B2-4C78-B3B7-75AAABBECFD9}.Release|Any CPU.Build.0 = Release|Any CPU
	EndGlobalSection
	GlobalSection(SolutionProperties) = preSolution
		HideSolutionNode = FALSE
	EndGlobalSection
	GlobalSection(ExtensibilityGlobals) = postSolution
		SolutionGuid = {D0FB3BB9-EF11-401E-A918-6A9BA1D45EFD}
	EndGlobalSection
EndGlobal
